<?xml version="1.0" encoding="utf-8"?>
<Project ToolsVersion="4.0" xmlns="http://schemas.microsoft.com/developer/msbuild/2003">
  <ItemGroup>
    <Filter Include="Source Files">
      <UniqueIdentifier>{4FC737F1-C7A5-4376-A066-2A32D752A2FF}</UniqueIdentifier>
      <Extensions>cpp;c;cc;cxx;def;odl;idl;hpj;bat;asm;asmx</Extensions>
    </Filter>
    <Filter Include="Header Files">
      <UniqueIdentifier>{93995380-89BD-4b04-88EB-625FBE52EBFB}</UniqueIdentifier>
      <Extensions>h;hh;hpp;hxx;hm;inl;inc;xsd</Extensions>
    </Filter>
    <Filter Include="Resource Files">
      <UniqueIdentifier>{67DA6AB6-F800-4c08-8B7A-83BB121AAD01}</UniqueIdentifier>
      <Extensions>rc;ico;cur;bmp;dlg;rc2;rct;bin;rgs;gif;jpg;jpeg;jpe;resx;tiff;tif;png;wav;mfcribbon-ms</Extensions>
    </Filter>
    <Filter Include="Source Files\Objects">
      <UniqueIdentifier>{588faa38-8b7b-49f7-8389-60ed53813773}</UniqueIdentifier>
    </Filter>
    <Filter Include="Header Files\Objects">
      <UniqueIdentifier>{aedf8bfb-bfde-420f-bbd6-20a947bd4da4}</UniqueIdentifier>
    </Filter>
    <Filter Include="Header Files\Legacy">
      <UniqueIdentifier>{14d57977-669b-431c-bd35-c3d122b73df4}</UniqueIdentifier>
    </Filter>
    <Filter Include="Header Files\Legacy\States">
      <UniqueIdentifier>{c01ebd77-c975-427c-9d94-1ac0678fc575}</UniqueIdentifier>
    </Filter>
    <Filter Include="Source Files\Legacy">
      <UniqueIdentifier>{837cd260-eb98-49ce-9e10-5beb1f1a0be2}</UniqueIdentifier>
    </Filter>
    <Filter Include="Source Files\Legacy\States">
      <UniqueIdentifier>{936b8c39-e8f7-43e1-8121-322817232db1}</UniqueIdentifier>
    </Filter>
    <Filter Include="Header Files\Messenger">
      <UniqueIdentifier>{db9b0d00-6585-42bc-aa30-929498a07764}</UniqueIdentifier>
    </Filter>
    <Filter Include="Source Files\Messenger">
      <UniqueIdentifier>{04a985ee-55c1-4169-9ecf-01dce5ef7f07}</UniqueIdentifier>
    </Filter>
  </ItemGroup>
  <ItemGroup>
    <ClCompile Include="main.cpp">
      <Filter>Source Files</Filter>
    </ClCompile>
    <ClCompile Include="StateMain.cpp">
      <Filter>Source Files\Legacy\States</Filter>
    </ClCompile>
    <ClCompile Include="State.cpp">
      <Filter>Source Files\Legacy\States</Filter>
    </ClCompile>
    <ClCompile Include="Resources.cpp">
      <Filter>Source Files\Objects</Filter>
    </ClCompile>
    <ClCompile Include="Resource.cpp">
      <Filter>Source Files\Legacy</Filter>
    </ClCompile>
    <ClCompile Include="Game.cpp">
      <Filter>Source Files</Filter>
    </ClCompile>
    <ClCompile Include="World.cpp">
      <Filter>Source Files</Filter>
    </ClCompile>
    <ClCompile Include="Messenger.cpp">
      <Filter>Source Files\Messenger</Filter>
    </ClCompile>
    <ClCompile Include="GameObject.cpp">
      <Filter>Source Files</Filter>
    </ClCompile>
    <ClCompile Include="Listener.cpp">
      <Filter>Source Files\Messenger</Filter>
    </ClCompile>
    <ClCompile Include="Collidable.cpp">
      <Filter>Source Files\Objects</Filter>
    </ClCompile>
    <ClCompile Include="GameThreadUnsafeScope.cpp">
      <Filter>Source Files</Filter>
    </ClCompile>
    <ClCompile Include="MessengerSystem.cpp">
      <Filter>Source Files\Messenger</Filter>
    </ClCompile>
  </ItemGroup>
  <ItemGroup>
    <ClInclude Include="StateMain.h">
      <Filter>Header Files\Legacy\States</Filter>
    </ClInclude>
    <ClInclude Include="State.h">
      <Filter>Header Files\Legacy\States</Filter>
    </ClInclude>
    <ClInclude Include="Resources.h">
      <Filter>Header Files\Objects</Filter>
    </ClInclude>
    <ClInclude Include="Game.h">
      <Filter>Header Files</Filter>
    </ClInclude>
    <ClInclude Include="Resource.h">
      <Filter>Header Files\Legacy</Filter>
    </ClInclude>
    <ClInclude Include="World.h">
      <Filter>Header Files</Filter>
    </ClInclude>
    <ClInclude Include="GlobalDefines.h">
      <Filter>Header Files</Filter>
    </ClInclude>
    <ClInclude Include="GameObject.h">
      <Filter>Header Files</Filter>
    </ClInclude>
    <ClInclude Include="Controller.h">
      <Filter>Header Files</Filter>
    </ClInclude>
    <ClInclude Include="Message.h">
      <Filter>Header Files\Messenger</Filter>
    </ClInclude>
    <ClInclude Include="Listener.h">
      <Filter>Header Files\Messenger</Filter>
    </ClInclude>
    <ClInclude Include="Messenger.h">
      <Filter>Header Files\Messenger</Filter>
    </ClInclude>
    <ClInclude Include="Collidable.h">
      <Filter>Header Files\Objects</Filter>
    </ClInclude>
    <ClInclude Include="GameThreadUnsafeScope.h">
      <Filter>Header Files</Filter>
    </ClInclude>
    <ClInclude Include="MessengerSystem.h">
      <Filter>Header Files\Messenger</Filter>
    </ClInclude>
  </ItemGroup>
  <ItemGroup>
    <None Include="Resources.inl">
      <Filter>Header Files\Objects</Filter>
    </None>
  </ItemGroup>
</Project>